
Microsoft Visual Studio Solution File, Format Version 12.00
# Visual Studio Version 16
VisualStudioVersion = 16.0.29728.190
MinimumVisualStudioVersion = 10.0.40219.1
Project("{9A19103F-16F7-4668-BE54-9A1E7A4F7556}") = "scrum_poker", "scrum_poker\scrum_poker.csproj", "{D2A768DD-9A5C-417A-A80B-05B55E99AFCD}"
EndProject
Project("{9A19103F-16F7-4668-BE54-9A1E7A4F7556}") = "scrum_poker.Tests.NUnit", "scrum_poker.Tests.NUnit\scrum_poker.Tests.NUnit.csproj", "{2C8637CF-A571-42E8-8927-6A8CC6EE1245}"
EndProject
Project("{9A19103F-16F7-4668-BE54-9A1E7A4F7556}") = "scrum_poker.Tests.SpecFlow", "scrum_poker.Tests.SpecFlow\scrum_poker.Tests.SpecFlow.csproj", "{3F3D9E66-B4C2-4705-9D62-4E002BEC2EB1}"
EndProject
Global
	GlobalSection(SolutionConfigurationPlatforms) = preSolution
		Debug|Any CPU = Debug|Any CPU
		Release|Any CPU = Release|Any CPU
	EndGlobalSection
	GlobalSection(ProjectConfigurationPlatforms) = postSolution
		{D2A768DD-9A5C-417A-A80B-05B55E99AFCD}.Debug|Any CPU.ActiveCfg = Debug|Any CPU
		{D2A768DD-9A5C-417A-A80B-05B55E99AFCD}.Debug|Any CPU.Build.0 = Debug|Any CPU
		{D2A768DD-9A5C-417A-A80B-05B55E99AFCD}.Release|Any CPU.ActiveCfg = Release|Any CPU
		{D2A768DD-9A5C-417A-A80B-05B55E99AFCD}.Release|Any CPU.Build.0 = Release|Any CPU
		{2C8637CF-A571-42E8-8927-6A8CC6EE1245}.Debug|Any CPU.ActiveCfg = Debug|Any CPU
		{2C8637CF-A571-42E8-8927-6A8CC6EE1245}.Debug|Any CPU.Build.0 = Debug|Any CPU
		{2C8637CF-A571-42E8-8927-6A8CC6EE1245}.Release|Any CPU.ActiveCfg = Release|Any CPU
		{2C8637CF-A571-42E8-8927-6A8CC6EE1245}.Release|Any CPU.Build.0 = Release|Any CPU
		{3F3D9E66-B4C2-4705-9D62-4E002BEC2EB1}.Debug|Any CPU.ActiveCfg = Debug|Any CPU
		{3F3D9E66-B4C2-4705-9D62-4E002BEC2EB1}.Debug|Any CPU.Build.0 = Debug|Any CPU
		{3F3D9E66-B4C2-4705-9D62-4E002BEC2EB1}.Release|Any CPU.ActiveCfg = Release|Any CPU
		{3F3D9E66-B4C2-4705-9D62-4E002BEC2EB1}.Release|Any CPU.Build.0 = Release|Any CPU
	EndGlobalSection
	GlobalSection(SolutionProperties) = preSolution
		HideSolutionNode = FALSE
	EndGlobalSection
	GlobalSection(ExtensibilityGlobals) = postSolution
		SolutionGuid = {97B2558C-6B4B-4551-92BE-31A3C8B828E5}
	EndGlobalSection
EndGlobal
